
Microsoft Visual Studio Solution File, Format Version 12.00
# Visual Studio Version 17
VisualStudioVersion = 17.3.32819.101
MinimumVisualStudioVersion = 10.0.40219.1
Project("{9A19103F-16F7-4668-BE54-9A1E7A4F7556}") = "DBContextSample.Context", "DBContextSample.Context\DBContextSample.Context.csproj", "{E31A8FFB-F206-40E0-B436-14C6358A7B37}"
EndProject
Project("{9A19103F-16F7-4668-BE54-9A1E7A4F7556}") = "DBContextSample.Entities", "DBContextSample.Entities\DBContextSample.Entities.csproj", "{BDF08E81-1CFC-4353-9D76-5283F8754916}"
EndProject
Project("{9A19103F-16F7-4668-BE54-9A1E7A4F7556}") = "DBContextSample.Utils", "DBContextSample.Utils\DBContextSample.Utils.csproj", "{19C84D89-A66E-4523-955B-6A200839FE3A}"
EndProject
Project("{9A19103F-16F7-4668-BE54-9A1E7A4F7556}") = "DBContextSample.Context.InMemory", "DBContextSample.Context.InMemory\DBContextSample.Context.InMemory.csproj", "{D0036DB9-14FB-4943-9FDE-E02296C2E9B9}"
EndProject
Project("{9A19103F-16F7-4668-BE54-9A1E7A4F7556}") = "DBContextSample.API", "DBContextSample.API\DBContextSample.API.csproj", "{DC6FC488-B6F8-4C69-AC20-31DB0B9C54EC}"
EndProject
Project("{9A19103F-16F7-4668-BE54-9A1E7A4F7556}") = "DBContextSample.Gateway", "DBContextSample.Gateway\DBContextSample.Gateway.csproj", "{7FD13845-7D17-490F-B873-DBC23172CF03}"
EndProject
Project("{9A19103F-16F7-4668-BE54-9A1E7A4F7556}") = "DBContextSample.API.Test", "DBContextSample.API.Test\DBContextSample.API.Test.csproj", "{B042E24C-1B5D-42B4-84EC-BD410C4188D0}"
EndProject
Project("{9A19103F-16F7-4668-BE54-9A1E7A4F7556}") = "DBContextSample.WebApp", "DBContextSample.WebApp\DBContextSample.WebApp.csproj", "{B8B8A127-DEC1-4035-8ACC-29FE7F4A2160}"
EndProject
Global
	GlobalSection(SolutionConfigurationPlatforms) = preSolution
		Debug|Any CPU = Debug|Any CPU
		Release|Any CPU = Release|Any CPU
	EndGlobalSection
	GlobalSection(ProjectConfigurationPlatforms) = postSolution
		{E31A8FFB-F206-40E0-B436-14C6358A7B37}.Debug|Any CPU.ActiveCfg = Debug|Any CPU
		{E31A8FFB-F206-40E0-B436-14C6358A7B37}.Debug|Any CPU.Build.0 = Debug|Any CPU
		{E31A8FFB-F206-40E0-B436-14C6358A7B37}.Release|Any CPU.ActiveCfg = Release|Any CPU
		{E31A8FFB-F206-40E0-B436-14C6358A7B37}.Release|Any CPU.Build.0 = Release|Any CPU
		{BDF08E81-1CFC-4353-9D76-5283F8754916}.Debug|Any CPU.ActiveCfg = Debug|Any CPU
		{BDF08E81-1CFC-4353-9D76-5283F8754916}.Debug|Any CPU.Build.0 = Debug|Any CPU
		{BDF08E81-1CFC-4353-9D76-5283F8754916}.Release|Any CPU.ActiveCfg = Release|Any CPU
		{BDF08E81-1CFC-4353-9D76-5283F8754916}.Release|Any CPU.Build.0 = Release|Any CPU
		{19C84D89-A66E-4523-955B-6A200839FE3A}.Debug|Any CPU.ActiveCfg = Debug|Any CPU
		{19C84D89-A66E-4523-955B-6A200839FE3A}.Debug|Any CPU.Build.0 = Debug|Any CPU
		{19C84D89-A66E-4523-955B-6A200839FE3A}.Release|Any CPU.ActiveCfg = Release|Any CPU
		{19C84D89-A66E-4523-955B-6A200839FE3A}.Release|Any CPU.Build.0 = Release|Any CPU
		{D0036DB9-14FB-4943-9FDE-E02296C2E9B9}.Debug|Any CPU.ActiveCfg = Debug|Any CPU
		{D0036DB9-14FB-4943-9FDE-E02296C2E9B9}.Debug|Any CPU.Build.0 = Debug|Any CPU
		{D0036DB9-14FB-4943-9FDE-E02296C2E9B9}.Release|Any CPU.ActiveCfg = Release|Any CPU
		{D0036DB9-14FB-4943-9FDE-E02296C2E9B9}.Release|Any CPU.Build.0 = Release|Any CPU
		{DC6FC488-B6F8-4C69-AC20-31DB0B9C54EC}.Debug|Any CPU.ActiveCfg = Debug|Any CPU
		{DC6FC488-B6F8-4C69-AC20-31DB0B9C54EC}.Debug|Any CPU.Build.0 = Debug|Any CPU
		{DC6FC488-B6F8-4C69-AC20-31DB0B9C54EC}.Release|Any CPU.ActiveCfg = Release|Any CPU
		{DC6FC488-B6F8-4C69-AC20-31DB0B9C54EC}.Release|Any CPU.Build.0 = Release|Any CPU
		{7FD13845-7D17-490F-B873-DBC23172CF03}.Debug|Any CPU.ActiveCfg = Debug|Any CPU
		{7FD13845-7D17-490F-B873-DBC23172CF03}.Debug|Any CPU.Build.0 = Debug|Any CPU
		{7FD13845-7D17-490F-B873-DBC23172CF03}.Release|Any CPU.ActiveCfg = Release|Any CPU
		{7FD13845-7D17-490F-B873-DBC23172CF03}.Release|Any CPU.Build.0 = Release|Any CPU
		{B042E24C-1B5D-42B4-84EC-BD410C4188D0}.Debug|Any CPU.ActiveCfg = Debug|Any CPU
		{B042E24C-1B5D-42B4-84EC-BD410C4188D0}.Debug|Any CPU.Build.0 = Debug|Any CPU
		{B042E24C-1B5D-42B4-84EC-BD410C4188D0}.Release|Any CPU.ActiveCfg = Release|Any CPU
		{B042E24C-1B5D-42B4-84EC-BD410C4188D0}.Release|Any CPU.Build.0 = Release|Any CPU
		{B8B8A127-DEC1-4035-8ACC-29FE7F4A2160}.Debug|Any CPU.ActiveCfg = Debug|Any CPU
		{B8B8A127-DEC1-4035-8ACC-29FE7F4A2160}.Debug|Any CPU.Build.0 = Debug|Any CPU
		{B8B8A127-DEC1-4035-8ACC-29FE7F4A2160}.Release|Any CPU.ActiveCfg = Release|Any CPU
		{B8B8A127-DEC1-4035-8ACC-29FE7F4A2160}.Release|Any CPU.Build.0 = Release|Any CPU
	EndGlobalSection
	GlobalSection(SolutionProperties) = preSolution
		HideSolutionNode = FALSE
	EndGlobalSection
	GlobalSection(ExtensibilityGlobals) = postSolution
		SolutionGuid = {3C0CDCFE-E96F-431B-936D-3EE8628E67D4}
	EndGlobalSection
EndGlobal
